
Microsoft Visual Studio Solution File, Format Version 12.00
# Visual Studio 15
VisualStudioVersion = 15.0.27130.2024
MinimumVisualStudioVersion = 10.0.40219.1
Project("{9A19103F-16F7-4668-BE54-9A1E7A4F7556}") = "Elena-rewrite", "Elena-rewrite\Elena-rewrite.csproj", "{524809C7-8346-4D7B-8A43-0B9EC780118F}"
EndProject
Global
	GlobalSection(SolutionConfigurationPlatforms) = preSolution
		Debug|Any CPU = Debug|Any CPU
		Release|Any CPU = Release|Any CPU
	EndGlobalSection
	GlobalSection(ProjectConfigurationPlatforms) = postSolution
		{524809C7-8346-4D7B-8A43-0B9EC780118F}.Debug|Any CPU.ActiveCfg = Debug|Any CPU
		{524809C7-8346-4D7B-8A43-0B9EC780118F}.Debug|Any CPU.Build.0 = Debug|Any CPU
		{524809C7-8346-4D7B-8A43-0B9EC780118F}.Release|Any CPU.ActiveCfg = Release|Any CPU
		{524809C7-8346-4D7B-8A43-0B9EC780118F}.Release|Any CPU.Build.0 = Release|Any CPU
	EndGlobalSection
	GlobalSection(SolutionProperties) = preSolution
		HideSolutionNode = FALSE
	EndGlobalSection
	GlobalSection(ExtensibilityGlobals) = postSolution
		SolutionGuid = {2030FA7D-21AC-43A2-BD3E-1C4EF4F9633A}
	EndGlobalSection
EndGlobal
